
Microsoft Visual Studio Solution File, Format Version 12.00
# Visual Studio Version 16
VisualStudioVersion = 16.0.31112.23
MinimumVisualStudioVersion = 10.0.40219.1
Project("{FAE04EC0-301F-11D3-BF4B-00C04F79EFBC}") = "HotelListing", "HotelListing\HotelListing.csproj", "{7B6284D5-40E5-48F5-86DF-8701BE286FCE}"
EndProject
Global
	GlobalSection(SolutionConfigurationPlatforms) = preSolution
		Debug|Any CPU = Debug|Any CPU
		Release|Any CPU = Release|Any CPU
	EndGlobalSection
	GlobalSection(ProjectConfigurationPlatforms) = postSolution
		{7B6284D5-40E5-48F5-86DF-8701BE286FCE}.Debug|Any CPU.ActiveCfg = Debug|Any CPU
		{7B6284D5-40E5-48F5-86DF-8701BE286FCE}.Debug|Any CPU.Build.0 = Debug|Any CPU
		{7B6284D5-40E5-48F5-86DF-8701BE286FCE}.Release|Any CPU.ActiveCfg = Release|Any CPU
		{7B6284D5-40E5-48F5-86DF-8701BE286FCE}.Release|Any CPU.Build.0 = Release|Any CPU
	EndGlobalSection
	GlobalSection(SolutionProperties) = preSolution
		HideSolutionNode = FALSE
	EndGlobalSection
	GlobalSection(ExtensibilityGlobals) = postSolution
		SolutionGuid = {A7372252-7D76-46F0-958E-C171DB662D80}
	EndGlobalSection
EndGlobal
